
Microsoft Visual Studio Solution File, Format Version 12.00
# Visual Studio Version 17
VisualStudioVersion = 17.8.34511.84
MinimumVisualStudioVersion = 10.0.40219.1
Project("{FAE04EC0-301F-11D3-BF4B-00C04F79EFBC}") = "RegistrationForm", "RegistrationForm\RegistrationForm.csproj", "{01A75330-B305-477B-8580-840E1FA59FBD}"
EndProject
Global
	GlobalSection(SolutionConfigurationPlatforms) = preSolution
		Debug|Any CPU = Debug|Any CPU
		Release|Any CPU = Release|Any CPU
	EndGlobalSection
	GlobalSection(ProjectConfigurationPlatforms) = postSolution
		{01A75330-B305-477B-8580-840E1FA59FBD}.Debug|Any CPU.ActiveCfg = Debug|Any CPU
		{01A75330-B305-477B-8580-840E1FA59FBD}.Debug|Any CPU.Build.0 = Debug|Any CPU
		{01A75330-B305-477B-8580-840E1FA59FBD}.Release|Any CPU.ActiveCfg = Release|Any CPU
		{01A75330-B305-477B-8580-840E1FA59FBD}.Release|Any CPU.Build.0 = Release|Any CPU
	EndGlobalSection
	GlobalSection(SolutionProperties) = preSolution
		HideSolutionNode = FALSE
	EndGlobalSection
	GlobalSection(ExtensibilityGlobals) = postSolution
		SolutionGuid = {03BAB0F9-222E-493C-A822-EEB47F0C9943}
	EndGlobalSection
EndGlobal
